# This file was autogenerated by Stack.
# You should not edit this file by hand.
# For more information, please see the documentation at:
#   https://docs.haskellstack.org/en/stable/lock_files

packages: []
snapshots:
- completed:
    size: 523724
    url: https://raw.githubusercontent.com/commercialhaskell/stackage-snapshots/master/nightly/2020/8/2.yaml
    sha256: 11eb68ad07a271fe133c7df5ee5e811bbbd1c462c8b8c06c2aadfe1e10d442d4
  original: nightly-2020-08-02
